
Microsoft Visual Studio Solution File, Format Version 12.00
# Visual Studio Version 17
VisualStudioVersion = 17.6.33815.320
MinimumVisualStudioVersion = 10.0.40219.1
Project("{FAE04EC0-301F-11D3-BF4B-00C04F79EFBC}") = "ExamBkap", "exam\ExamBkap.csproj", "{26A7D51F-E846-4908-93C2-2D2E10C6A21E}"
EndProject
Global
	GlobalSection(SolutionConfigurationPlatforms) = preSolution
		Debug|Any CPU = Debug|Any CPU
		Release|Any CPU = Release|Any CPU
	EndGlobalSection
	GlobalSection(ProjectConfigurationPlatforms) = postSolution
		{26A7D51F-E846-4908-93C2-2D2E10C6A21E}.Debug|Any CPU.ActiveCfg = Debug|Any CPU
		{26A7D51F-E846-4908-93C2-2D2E10C6A21E}.Debug|Any CPU.Build.0 = Debug|Any CPU
		{26A7D51F-E846-4908-93C2-2D2E10C6A21E}.Release|Any CPU.ActiveCfg = Release|Any CPU
		{26A7D51F-E846-4908-93C2-2D2E10C6A21E}.Release|Any CPU.Build.0 = Release|Any CPU
	EndGlobalSection
	GlobalSection(SolutionProperties) = preSolution
		HideSolutionNode = FALSE
	EndGlobalSection
	GlobalSection(ExtensibilityGlobals) = postSolution
		SolutionGuid = {1D7F3860-7809-49E5-8702-5AC2D208AB32}
	EndGlobalSection
EndGlobal
